
Microsoft Visual Studio Solution File, Format Version 12.00
# Visual Studio 2013
VisualStudioVersion = 12.0.21005.1
MinimumVisualStudioVersion = 10.0.40219.1
Project("{FAE04EC0-301F-11D3-BF4B-00C04F79EFBC}") = "ThreeLayer_2_4_2019", "ThreeLayer_2_4_2019.csproj", "{3A0F57FC-FA87-4597-927E-91E96E6777BA}"
EndProject
Project("{FAE04EC0-301F-11D3-BF4B-00C04F79EFBC}") = "DAL", "DAL\DAL.csproj", "{AD48F72E-01B6-4F5D-9E64-30B9C0D032DA}"
EndProject
Project("{FAE04EC0-301F-11D3-BF4B-00C04F79EFBC}") = "BEL", "BEL\BEL.csproj", "{A63B6FB6-BEF9-4778-A66E-575A49884F00}"
EndProject
Project("{FAE04EC0-301F-11D3-BF4B-00C04F79EFBC}") = "BAL", "BAL\BAL.csproj", "{245DF3BC-9D0C-4FA0-88F7-B62C9336949C}"
EndProject
Global
	GlobalSection(SolutionConfigurationPlatforms) = preSolution
		Debug|Any CPU = Debug|Any CPU
		Release|Any CPU = Release|Any CPU
	EndGlobalSection
	GlobalSection(ProjectConfigurationPlatforms) = postSolution
		{3A0F57FC-FA87-4597-927E-91E96E6777BA}.Debug|Any CPU.ActiveCfg = Debug|Any CPU
		{3A0F57FC-FA87-4597-927E-91E96E6777BA}.Debug|Any CPU.Build.0 = Debug|Any CPU
		{3A0F57FC-FA87-4597-927E-91E96E6777BA}.Release|Any CPU.ActiveCfg = Release|Any CPU
		{3A0F57FC-FA87-4597-927E-91E96E6777BA}.Release|Any CPU.Build.0 = Release|Any CPU
		{AD48F72E-01B6-4F5D-9E64-30B9C0D032DA}.Debug|Any CPU.ActiveCfg = Debug|Any CPU
		{AD48F72E-01B6-4F5D-9E64-30B9C0D032DA}.Debug|Any CPU.Build.0 = Debug|Any CPU
		{AD48F72E-01B6-4F5D-9E64-30B9C0D032DA}.Release|Any CPU.ActiveCfg = Release|Any CPU
		{AD48F72E-01B6-4F5D-9E64-30B9C0D032DA}.Release|Any CPU.Build.0 = Release|Any CPU
		{A63B6FB6-BEF9-4778-A66E-575A49884F00}.Debug|Any CPU.ActiveCfg = Debug|Any CPU
		{A63B6FB6-BEF9-4778-A66E-575A49884F00}.Debug|Any CPU.Build.0 = Debug|Any CPU
		{A63B6FB6-BEF9-4778-A66E-575A49884F00}.Release|Any CPU.ActiveCfg = Release|Any CPU
		{A63B6FB6-BEF9-4778-A66E-575A49884F00}.Release|Any CPU.Build.0 = Release|Any CPU
		{245DF3BC-9D0C-4FA0-88F7-B62C9336949C}.Debug|Any CPU.ActiveCfg = Debug|Any CPU
		{245DF3BC-9D0C-4FA0-88F7-B62C9336949C}.Debug|Any CPU.Build.0 = Debug|Any CPU
		{245DF3BC-9D0C-4FA0-88F7-B62C9336949C}.Release|Any CPU.ActiveCfg = Release|Any CPU
		{245DF3BC-9D0C-4FA0-88F7-B62C9336949C}.Release|Any CPU.Build.0 = Release|Any CPU
	EndGlobalSection
	GlobalSection(SolutionProperties) = preSolution
		HideSolutionNode = FALSE
	EndGlobalSection
EndGlobal
